// !$*UTF8*$!
{
	archiveVersion = 1;
	classes = {
	};
	objectVersion = 46;
	objects = {

/* Begin PBXBuildFile section */
		AE1679C81CE483FD00AC9907 /* QuestionViewController.swift in Sources */ = {isa = PBXBuildFile; fileRef = AE1679C71CE483FD00AC9907 /* QuestionViewController.swift */; };
		AE1679CA1CE4935700AC9907 /* AnswerViewController.swift in Sources */ = {isa = PBXBuildFile; fileRef = AE1679C91CE4935700AC9907 /* AnswerViewController.swift */; };
		AE1679CC1CE4A47200AC9907 /* Default-568h@2x.png in Resources */ = {isa = PBXBuildFile; fileRef = AE1679CB1CE4A47200AC9907 /* Default-568h@2x.png */; };
		AE6F2A1E1CDAB35900E328FB /* AppDelegate.swift in Sources */ = {isa = PBXBuildFile; fileRef = AE6F2A1D1CDAB35900E328FB /* AppDelegate.swift */; };
		AE6F2A201CDAB35900E328FB /* ViewController.swift in Sources */ = {isa = PBXBuildFile; fileRef = AE6F2A1F1CDAB35900E328FB /* ViewController.swift */; };
		AE6F2A231CDAB35900E328FB /* Main.storyboard in Resources */ = {isa = PBXBuildFile; fileRef = AE6F2A211CDAB35900E328FB /* Main.storyboard */; };
		AE6F2A251CDAB35900E328FB /* Assets.xcassets in Resources */ = {isa = PBXBuildFile; fileRef = AE6F2A241CDAB35900E328FB /* Assets.xcassets */; };
		AE6F2A281CDAB35900E328FB /* LaunchScreen.storyboard in Resources */ = {isa = PBXBuildFile; fileRef = AE6F2A261CDAB35900E328FB /* LaunchScreen.storyboard */; };
		AE6F2A321CDC0CCA00E328FB /* TableViewCell.swift in Sources */ = {isa = PBXBuildFile; fileRef = AE6F2A311CDC0CCA00E328FB /* TableViewCell.swift */; };
		AE8D84781CE95C4600921A31 /* ResultsViewController.swift in Sources */ = {isa = PBXBuildFile; fileRef = AE8D84771CE95C4600921A31 /* ResultsViewController.swift */; };
/* End PBXBuildFile section */

/* Begin PBXFileReference section */
		AE1679C71CE483FD00AC9907 /* QuestionViewController.swift */ = {isa = PBXFileReference; fileEncoding = 4; lastKnownFileType = sourcecode.swift; path = QuestionViewController.swift; sourceTree = "<group>"; };
		AE1679C91CE4935700AC9907 /* AnswerViewController.swift */ = {isa = PBXFileReference; fileEncoding = 4; lastKnownFileType = sourcecode.swift; path = AnswerViewController.swift; sourceTree = "<group>"; };
		AE1679CB1CE4A47200AC9907 /* Default-568h@2x.png */ = {isa = PBXFileReference; lastKnownFileType = image.png; path = "Default-568h@2x.png"; sourceTree = "<group>"; };
		AE6F2A1A1CDAB35900E328FB /* iQuiz.app */ = {isa = PBXFileReference; explicitFileType = wrapper.application; includeInIndex = 0; path = iQuiz.app; sourceTree = BUILT_PRODUCTS_DIR; };
		AE6F2A1D1CDAB35900E328FB /* AppDelegate.swift */ = {isa = PBXFileReference; lastKnownFileType = sourcecode.swift; path = AppDelegate.swift; sourceTree = "<group>"; };
		AE6F2A1F1CDAB35900E328FB /* ViewController.swift */ = {isa = PBXFileReference; lastKnownFileType = sourcecode.swift; path = ViewController.swift; sourceTree = "<group>"; };
		AE6F2A221CDAB35900E328FB /* Base */ = {isa = PBXFileReference; lastKnownFileType = file.storyboard; name = Base; path = Base.lproj/Main.storyboard; sourceTree = "<group>"; };
		AE6F2A241CDAB35900E328FB /* Assets.xcassets */ = {isa = PBXFileReference; lastKnownFileType = folder.assetcatalog; path = Assets.xcassets; sourceTree = "<group>"; };
		AE6F2A271CDAB35900E328FB /* Base */ = {isa = PBXFileReference; lastKnownFileType = file.storyboard; name = Base; path = Base.lproj/LaunchScreen.storyboard; sourceTree = "<group>"; };
		AE6F2A291CDAB35900E328FB /* Info.plist */ = {isa = PBXFileReference; lastKnownFileType = text.plist.xml; path = Info.plist; sourceTree = "<group>"; };
		AE6F2A311CDC0CCA00E328FB /* TableViewCell.swift */ = {isa = PBXFileReference; fileEncoding = 4; lastKnownFileType = sourcecode.swift; path = TableViewCell.swift; sourceTree = "<group>"; };
		AE8D84771CE95C4600921A31 /* ResultsViewController.swift */ = {isa = PBXFileReference; fileEncoding = 4; lastKnownFileType = sourcecode.swift; path = ResultsViewController.swift; sourceTree = "<group>"; };
/* End PBXFileReference section */

/* Begin PBXFrameworksBuildPhase section */
		AE6F2A171CDAB35900E328FB /* Frameworks */ = {
			isa = PBXFrameworksBuildPhase;
			buildActionMask = 2147483647;
			files = (
			);
			runOnlyForDeploymentPostprocessing = 0;
		};
/* End PBXFrameworksBuildPhase section */

/* Begin PBXGroup section */
		AE6F2A111CDAB35900E328FB = {
			isa = PBXGroup;
			children = (
				AE1679CB1CE4A47200AC9907 /* Default-568h@2x.png */,
				AE6F2A1C1CDAB35900E328FB /* iQuiz */,
				AE6F2A1B1CDAB35900E328FB /* Products */,
			);
			sourceTree = "<group>";
		};
		AE6F2A1B1CDAB35900E328FB /* Products */ = {
			isa = PBXGroup;
			children = (
				AE6F2A1A1CDAB35900E328FB /* iQuiz.app */,
			);
			name = Products;
			sourceTree = "<group>";
		};
		AE6F2A1C1CDAB35900E328FB /* iQuiz */ = {
			isa = PBXGroup;
			children = (
				AE6F2A1D1CDAB35900E328FB /* AppDelegate.swift */,
				AE6F2A1F1CDAB35900E328FB /* ViewController.swift */,
				AE6F2A211CDAB35900E328FB /* Main.storyboard */,
				AE8D84771CE95C4600921A31 /* ResultsViewController.swift */,
				AE1679C71CE483FD00AC9907 /* QuestionViewController.swift */,
				AE1679C91CE4935700AC9907 /* AnswerViewController.swift */,
				AE6F2A311CDC0CCA00E328FB /* TableViewCell.swift */,
				AE6F2A241CDAB35900E328FB /* Assets.xcassets */,
				AE6F2A261CDAB35900E328FB /* LaunchScreen.storyboard */,
				AE6F2A291CDAB35900E328FB /* Info.plist */,
			);
			path = iQuiz;
			sourceTree = "<group>";
		};
/* End PBXGroup section */

/* Begin PBXNativeTarget section */
		AE6F2A191CDAB35900E328FB /* iQuiz */ = {
			isa = PBXNativeTarget;
			buildConfigurationList = AE6F2A2C1CDAB35900E328FB /* Build configuration list for PBXNativeTarget "iQuiz" */;
			buildPhases = (
				AE6F2A161CDAB35900E328FB /* Sources */,
				AE6F2A171CDAB35900E328FB /* Frameworks */,
				AE6F2A181CDAB35900E328FB /* Resources */,
			);
			buildRules = (
			);
			dependencies = (
			);
			name = iQuiz;
			productName = iQuiz;
			productReference = AE6F2A1A1CDAB35900E328FB /* iQuiz.app */;
			productType = "com.apple.product-type.application";
		};
/* End PBXNativeTarget section */

/* Begin PBXProject section */
		AE6F2A121CDAB35900E328FB /* Project object */ = {
			isa = PBXProject;
			attributes = {
				LastSwiftUpdateCheck = 0730;
				LastUpgradeCheck = 0730;
				ORGANIZATIONNAME = "Kevin Ke";
				TargetAttributes = {
					AE6F2A191CDAB35900E328FB = {
						CreatedOnToolsVersion = 7.3;
						DevelopmentTeam = LE3ACVN7Z5;
					};
				};
			};
			buildConfigurationList = AE6F2A151CDAB35900E328FB /* Build configuration list for PBXProject "iQuiz" */;
			compatibilityVersion = "Xcode 3.2";
			developmentRegion = English;
			hasScannedForEncodings = 0;
			knownRegions = (
				en,
				Base,
			);
			mainGroup = AE6F2A111CDAB35900E328FB;
			productRefGroup = AE6F2A1B1CDAB35900E328FB /* Products */;
			projectDirPath = "";
			projectRoot = "";
			targets = (
				AE6F2A191CDAB35900E328FB /* iQuiz */,
			);
		};
/* End PBXProject section */

/* Begin PBXResourcesBuildPhase section */
		AE6F2A181CDAB35900E328FB /* Resources */ = {
			isa = PBXResourcesBuildPhase;
			buildActionMask = 2147483647;
			files = (
				AE6F2A281CDAB35900E328FB /* LaunchScreen.storyboard in Resources */,
				AE1679CC1CE4A47200AC9907 /* Default-568h@2x.png in Resources */,
				AE6F2A251CDAB35900E328FB /* Assets.xcassets in Resources */,
				AE6F2A231CDAB35900E328FB /* Main.storyboard in Resources */,
			);
			runOnlyForDeploymentPostprocessing = 0;
		};
/* End PBXResourcesBuildPhase section */

/* Begin PBXSourcesBuildPhase section */
		AE6F2A161CDAB35900E328FB /* Sources */ = {
			isa = PBXSourcesBuildPhase;
			buildActionMask = 2147483647;
			files = (
				AE6F2A321CDC0CCA00E328FB /* TableViewCell.swift in Sources */,
				AE6F2A201CDAB35900E328FB /* ViewController.swift in Sources */,
				AE1679CA1CE4935700AC9907 /* AnswerViewController.swift in Sources */,
				AE1679C81CE483FD00AC9907 /* QuestionViewController.swift in Sources */,
				AE6F2A1E1CDAB35900E328FB /* AppDelegate.swift in Sources */,
				AE8D84781CE95C4600921A31 /* ResultsViewController.swift in Sources */,
			);
			runOnlyForDeploymentPostprocessing = 0;
		};
/* End PBXSourcesBuildPhase section */

/* Begin PBXVariantGroup section */
		AE6F2A211CDAB35900E328FB /* Main.storyboard */ = {
			isa = PBXVariantGroup;
			children = (
				AE6F2A221CDAB35900E328FB /* Base */,
			);
			name = Main.storyboard;
			sourceTree = "<group>";
		};
		AE6F2A261CDAB35900E328FB /* LaunchScreen.storyboard */ = {
			isa = PBXVariantGroup;
			children = (
				AE6F2A271CDAB35900E328FB /* Base */,
			);
			name = LaunchScreen.storyboard;
			sourceTree = "<group>";
		};
/* End PBXVariantGroup section */

/* Begin XCBuildConfiguration section */
		AE6F2A2A1CDAB35900E328FB /* Debug */ = {
			isa = XCBuildConfiguration;
			buildSettings = {
				ALWAYS_SEARCH_USER_PATHS = NO;
				CLANG_ANALYZER_NONNULL = YES;
				CLANG_CXX_LANGUAGE_STANDARD = "gnu++0x";
				CLANG_CXX_LIBRARY = "libc++";
				CLANG_ENABLE_MODULES = YES;
				CLANG_ENABLE_OBJC_ARC = YES;
				CLANG_WARN_BOOL_CONVERSION = YES;
				CLANG_WARN_CONSTANT_CONVERSION = YES;
				CLANG_WARN_DIRECT_OBJC_ISA_USAGE = YES_ERROR;
				CLANG_WARN_EMPTY_BODY = YES;
				CLANG_WARN_ENUM_CONVERSION = YES;
				CLANG_WARN_INT_CONVERSION = YES;
				CLANG_WARN_OBJC_ROOT_CLASS = YES_ERROR;
				CLANG_WARN_UNREACHABLE_CODE = YES;
				CLANG_WARN__DUPLICATE_METHOD_MATCH = YES;
				"CODE_SIGN_IDENTITY[sdk=iphoneos*]" = "iPhone Developer";
				COPY_PHASE_STRIP = NO;
				DEBUG_INFORMATION_FORMAT = dwarf;
				ENABLE_STRICT_OBJC_MSGSEND = YES;
				ENABLE_TESTABILITY = YES;
				GCC_C_LANGUAGE_STANDARD = gnu99;
				GCC_DYNAMIC_NO_PIC = NO;
				GCC_NO_COMMON_BLOCKS = YES;
				GCC_OPTIMIZATION_LEVEL = 0;
				GCC_PREPROCESSOR_DEFINITIONS = (
					"DEBUG=1",
					"$(inherited)",
				);
				GCC_WARN_64_TO_32_BIT_CONVERSION = YES;
				GCC_WARN_ABOUT_RETURN_TYPE = YES_ERROR;
				GCC_WARN_UNDECLARED_SELECTOR = YES;
				GCC_WARN_UNINITIALIZED_AUTOS = YES_AGGRESSIVE;
				GCC_WARN_UNUSED_FUNCTION = YES;
				GCC_WARN_UNUSED_VARIABLE = YES;
				IPHONEOS_DEPLOYMENT_TARGET = 9.3;
				MTL_ENABLE_DEBUG_INFO = YES;
				ONLY_ACTIVE_ARCH = YES;
				SDKROOT = iphoneos;
				SWIFT_OPTIMIZATION_LEVEL = "-Onone";
				TARGETED_DEVICE_FAMILY = "1,2";
			};
			name = Debug;
		};
		AE6F2A2B1CDAB35900E328FB /* Release */ = {
			isa = XCBuildConfiguration;
			buildSettings = {
				ALWAYS_SEARCH_USER_PATHS = NO;
				CLANG_ANALYZER_NONNULL = YES;
				CLANG_CXX_LANGUAGE_STANDARD = "gnu++0x";
				CLANG_CXX_LIBRARY = "libc++";
				CLANG_ENABLE_MODULES = YES;
				CLANG_ENABLE_OBJC_ARC = YES;
				CLANG_WARN_BOOL_CONVERSION = YES;
				CLANG_WARN_CONSTANT_CONVERSION = YES;
				CLANG_WARN_DIRECT_OBJC_ISA_USAGE = YES_ERROR;
				CLANG_WARN_EMPTY_BODY = YES;
				CLANG_WARN_ENUM_CONVERSION = YES;
				CLANG_WARN_INT_CONVERSION = YES;
				CLANG_WARN_OBJC_ROOT_CLASS = YES_ERROR;
				CLANG_WARN_UNREACHABLE_CODE = YES;
				CLANG_WARN__DUPLICATE_METHOD_MATCH = YES;
				"CODE_SIGN_IDENTITY[sdk=iphoneos*]" = "iPhone Developer";
				COPY_PHASE_STRIP = NO;
				DEBUG_INFORMATION_FORMAT = "dwarf-with-dsym";
				ENABLE_NS_ASSERTIONS = NO;
				ENABLE_STRICT_OBJC_MSGSEND = YES;
				GCC_C_LANGUAGE_STANDARD = gnu99;
				GCC_NO_COMMON_BLOCKS = YES;
				GCC_WARN_64_TO_32_BIT_CONVERSION = YES;
				GCC_WARN_ABOUT_RETURN_TYPE = YES_ERROR;
				GCC_WARN_UNDECLARED_SELECTOR = YES;
				GCC_WARN_UNINITIALIZED_AUTOS = YES_AGGRESSIVE;
				GCC_WARN_UNUSED_FUNCTION = YES;
				GCC_WARN_UNUSED_VARIABLE = YES;
				IPHONEOS_DEPLOYMENT_TARGET = 9.3;
				MTL_ENABLE_DEBUG_INFO = NO;
				SDKROOT = iphoneos;
				TARGETED_DEVICE_FAMILY = "1,2";
				VALIDATE_PRODUCT = YES;
			};
			name = Release;
		};
		AE6F2A2D1CDAB35900E328FB /* Debug */ = {
			isa = XCBuildConfiguration;
			buildSettings = {
				ASSETCATALOG_COMPILER_APPICON_NAME = AppIcon;
				INFOPLIST_FILE = iQuiz/Info.plist;
				LD_RUNPATH_SEARCH_PATHS = "$(inherited) @executable_path/Frameworks";
				PRODUCT_BUNDLE_IDENTIFIER = "Kevin-Ke.iQuiz";
				PRODUCT_NAME = "$(TARGET_NAME)";
			};
			name = Debug;
		};
		AE6F2A2E1CDAB35900E328FB /* Release */ = {
			isa = XCBuildConfiguration;
			buildSettings = {
				ASSETCATALOG_COMPILER_APPICON_NAME = AppIcon;
				INFOPLIST_FILE = iQuiz/Info.plist;
				LD_RUNPATH_SEARCH_PATHS = "$(inherited) @executable_path/Frameworks";
				PRODUCT_BUNDLE_IDENTIFIER = "Kevin-Ke.iQuiz";
				PRODUCT_NAME = "$(TARGET_NAME)";
			};
			name = Release;
		};
/* End XCBuildConfiguration section */

/* Begin XCConfigurationList section */
		AE6F2A151CDAB35900E328FB /* Build configuration list for PBXProject "iQuiz" */ = {
			isa = XCConfigurationList;
			buildConfigurations = (
				AE6F2A2A1CDAB35900E328FB /* Debug */,
				AE6F2A2B1CDAB35900E328FB /* Release */,
			);
			defaultConfigurationIsVisible = 0;
			defaultConfigurationName = Release;
		};
		AE6F2A2C1CDAB35900E328FB /* Build configuration list for PBXNativeTarget "iQuiz" */ = {
			isa = XCConfigurationList;
			buildConfigurations = (
				AE6F2A2D1CDAB35900E328FB /* Debug */,
				AE6F2A2E1CDAB35900E328FB /* Release */,
			);
			defaultConfigurationIsVisible = 0;
			defaultConfigurationName = Release;
		};
/* End XCConfigurationList section */
	};
	rootObject = AE6F2A121CDAB35900E328FB /* Project object */;
}
